{
  "requires": true,
  "lockfileVersion": 1,
  "dependencies": {
    "react-aspect-ratio": {
      "version": "1.0.41",
      "resolved": "https://registry.npmjs.org/react-aspect-ratio/-/react-aspect-ratio-1.0.41.tgz",
      "integrity": "sha512-h0/3oYXRKm/o67zZX89Qs/8FmGr/1CtFwsa6cpdJ6H2HSMcTyHh1dXahHV8QCzt1FzcjvAkbm9pGSRuM5equuQ=="
    }
  }
}
